// !$*UTF8*$!
{
	archiveVersion = 1;
	classes = {
	};
	objectVersion = 56;
	objects = {

/* Begin PBXBuildFile section */
		4C1BB1AA2A041FDD00741A15 /* LoginViewTest.swift in Sources */ = {isa = PBXBuildFile; fileRef = 4C1BB1A92A041FDD00741A15 /* LoginViewTest.swift */; };
		8521266729E2CE6900677819 /* Follow.swift in Sources */ = {isa = PBXBuildFile; fileRef = 8521266629E2CE6900677819 /* Follow.swift */; };
		8521266929E2D1D000677819 /* UsersProfileView.swift in Sources */ = {isa = PBXBuildFile; fileRef = 8521266829E2D1D000677819 /* UsersProfileView.swift */; };
		8521266B29E32AE800677819 /* CommentModel.swift in Sources */ = {isa = PBXBuildFile; fileRef = 8521266A29E32AE800677819 /* CommentModel.swift */; };
		8521266D29E32B9D00677819 /* CommentViewModel.swift in Sources */ = {isa = PBXBuildFile; fileRef = 8521266C29E32B9D00677819 /* CommentViewModel.swift */; };
		8521266F29E333DA00677819 /* Commenting.swift in Sources */ = {isa = PBXBuildFile; fileRef = 8521266E29E333DA00677819 /* Commenting.swift */; };
		8521267129E33D4A00677819 /* CommentText.swift in Sources */ = {isa = PBXBuildFile; fileRef = 8521267029E33D4A00677819 /* CommentText.swift */; };
		8521267329E33FE100677819 /* CommentView.swift in Sources */ = {isa = PBXBuildFile; fileRef = 8521267229E33FE100677819 /* CommentView.swift */; };
		8521267529E3638600677819 /* EditProfileView.swift in Sources */ = {isa = PBXBuildFile; fileRef = 8521267429E3638600677819 /* EditProfileView.swift */; };
		8521267729E402F500677819 /* ChatModel.swift in Sources */ = {isa = PBXBuildFile; fileRef = 8521267629E402F500677819 /* ChatModel.swift */; };
		8521267929E403D700677819 /* MessageModel.swift in Sources */ = {isa = PBXBuildFile; fileRef = 8521267829E403D700677819 /* MessageModel.swift */; };
		8521267B29E4045C00677819 /* ChatViewModel.swift in Sources */ = {isa = PBXBuildFile; fileRef = 8521267A29E4045C00677819 /* ChatViewModel.swift */; };
		85361E4929F2F25200A209E7 /* FirebaseAnalytics in Frameworks */ = {isa = PBXBuildFile; productRef = 85361E4829F2F25200A209E7 /* FirebaseAnalytics */; };
		85361E4B29F2F25200A209E7 /* FirebaseAnalyticsOnDeviceConversion in Frameworks */ = {isa = PBXBuildFile; productRef = 85361E4A29F2F25200A209E7 /* FirebaseAnalyticsOnDeviceConversion */; };
		85361E4D29F2F25200A209E7 /* FirebaseAnalyticsSwift in Frameworks */ = {isa = PBXBuildFile; productRef = 85361E4C29F2F25200A209E7 /* FirebaseAnalyticsSwift */; };
		85361E4F29F2F25200A209E7 /* FirebaseAnalyticsWithoutAdIdSupport in Frameworks */ = {isa = PBXBuildFile; productRef = 85361E4E29F2F25200A209E7 /* FirebaseAnalyticsWithoutAdIdSupport */; };
		85361E5129F2F25200A209E7 /* FirebaseAppCheck in Frameworks */ = {isa = PBXBuildFile; productRef = 85361E5029F2F25200A209E7 /* FirebaseAppCheck */; };
		85361E5329F2F25200A209E7 /* FirebaseAppDistribution-Beta in Frameworks */ = {isa = PBXBuildFile; productRef = 85361E5229F2F25200A209E7 /* FirebaseAppDistribution-Beta */; };
		85361E5529F2F25200A209E7 /* FirebaseAuth in Frameworks */ = {isa = PBXBuildFile; productRef = 85361E5429F2F25200A209E7 /* FirebaseAuth */; };
		85361E5729F2F25200A209E7 /* FirebaseAuthCombine-Community in Frameworks */ = {isa = PBXBuildFile; productRef = 85361E5629F2F25200A209E7 /* FirebaseAuthCombine-Community */; };
		85361E5929F2F25200A209E7 /* FirebaseCrashlytics in Frameworks */ = {isa = PBXBuildFile; productRef = 85361E5829F2F25200A209E7 /* FirebaseCrashlytics */; };
		85361E5B29F2F25200A209E7 /* FirebaseDatabase in Frameworks */ = {isa = PBXBuildFile; productRef = 85361E5A29F2F25200A209E7 /* FirebaseDatabase */; };
		85361E5D29F2F25200A209E7 /* FirebaseDatabaseSwift in Frameworks */ = {isa = PBXBuildFile; productRef = 85361E5C29F2F25200A209E7 /* FirebaseDatabaseSwift */; };
		85361E5F29F2F25200A209E7 /* FirebaseFirestore in Frameworks */ = {isa = PBXBuildFile; productRef = 85361E5E29F2F25200A209E7 /* FirebaseFirestore */; };
		85361E6129F2F25200A209E7 /* FirebaseFirestoreCombine-Community in Frameworks */ = {isa = PBXBuildFile; productRef = 85361E6029F2F25200A209E7 /* FirebaseFirestoreCombine-Community */; };
		85361E6329F2F25200A209E7 /* FirebaseFirestoreSwift in Frameworks */ = {isa = PBXBuildFile; productRef = 85361E6229F2F25200A209E7 /* FirebaseFirestoreSwift */; };
		85361E6529F2F25200A209E7 /* FirebaseFunctions in Frameworks */ = {isa = PBXBuildFile; productRef = 85361E6429F2F25200A209E7 /* FirebaseFunctions */; };
		85361E6729F2F25200A209E7 /* FirebaseFunctionsCombine-Community in Frameworks */ = {isa = PBXBuildFile; productRef = 85361E6629F2F25200A209E7 /* FirebaseFunctionsCombine-Community */; };
		85361E6929F2F25200A209E7 /* FirebaseInAppMessaging-Beta in Frameworks */ = {isa = PBXBuildFile; productRef = 85361E6829F2F25200A209E7 /* FirebaseInAppMessaging-Beta */; };
		85361E6B29F2F25200A209E7 /* FirebaseInAppMessagingSwift-Beta in Frameworks */ = {isa = PBXBuildFile; productRef = 85361E6A29F2F25200A209E7 /* FirebaseInAppMessagingSwift-Beta */; };
		85361E6D29F2F25200A209E7 /* FirebaseInstallations in Frameworks */ = {isa = PBXBuildFile; productRef = 85361E6C29F2F25200A209E7 /* FirebaseInstallations */; };
		85361E6F29F2F25200A209E7 /* FirebaseMLModelDownloader in Frameworks */ = {isa = PBXBuildFile; productRef = 85361E6E29F2F25200A209E7 /* FirebaseMLModelDownloader */; };
		85361E7129F2F25200A209E7 /* FirebaseMessaging in Frameworks */ = {isa = PBXBuildFile; productRef = 85361E7029F2F25200A209E7 /* FirebaseMessaging */; };
		85361E7329F2F25200A209E7 /* FirebasePerformance in Frameworks */ = {isa = PBXBuildFile; productRef = 85361E7229F2F25200A209E7 /* FirebasePerformance */; };
		85361E7529F2F25200A209E7 /* FirebaseRemoteConfig in Frameworks */ = {isa = PBXBuildFile; productRef = 85361E7429F2F25200A209E7 /* FirebaseRemoteConfig */; };
		85361E7729F2F25200A209E7 /* FirebaseRemoteConfigSwift in Frameworks */ = {isa = PBXBuildFile; productRef = 85361E7629F2F25200A209E7 /* FirebaseRemoteConfigSwift */; };
		85361E7929F2F25200A209E7 /* FirebaseStorage in Frameworks */ = {isa = PBXBuildFile; productRef = 85361E7829F2F25200A209E7 /* FirebaseStorage */; };
		85361E7B29F2F25200A209E7 /* FirebaseStorageCombine-Community in Frameworks */ = {isa = PBXBuildFile; productRef = 85361E7A29F2F25200A209E7 /* FirebaseStorageCombine-Community */; };
		85361E7D29F330A900A209E7 /* TextFieldWrapper.swift in Sources */ = {isa = PBXBuildFile; fileRef = 85361E7C29F330A900A209E7 /* TextFieldWrapper.swift */; };
		85361E7F29FC556B00A209E7 /* MessageView.swift in Sources */ = {isa = PBXBuildFile; fileRef = 85361E7E29FC556B00A209E7 /* MessageView.swift */; };
		85361E8129FD24F700A209E7 /* MessageButton.swift in Sources */ = {isa = PBXBuildFile; fileRef = 85361E8029FD24F700A209E7 /* MessageButton.swift */; };
		853AAD9029C20EAF00EFB666 /* TextField.swift in Sources */ = {isa = PBXBuildFile; fileRef = 853AAD8F29C20EAF00EFB666 /* TextField.swift */; };
		853AAD9329C212CE00EFB666 /* LogInView.swift in Sources */ = {isa = PBXBuildFile; fileRef = 853AAD9229C212CE00EFB666 /* LogInView.swift */; };
		853AAD9529C214A400EFB666 /* Button.swift in Sources */ = {isa = PBXBuildFile; fileRef = 853AAD9429C214A400EFB666 /* Button.swift */; };
		853AAD9B29C2322A00EFB666 /* SignUpView.swift in Sources */ = {isa = PBXBuildFile; fileRef = 853AAD9A29C2322A00EFB666 /* SignUpView.swift */; };
		853AAD9E29C2392100EFB666 /* ImagePicker.swift in Sources */ = {isa = PBXBuildFile; fileRef = 853AAD9D29C2392100EFB666 /* ImagePicker.swift */; };
		85541E6029BA1DEA006785EB /* ZanteApp.swift in Sources */ = {isa = PBXBuildFile; fileRef = 85541E5F29BA1DEA006785EB /* ZanteApp.swift */; };
		85541E6229BA1DEA006785EB /* ContentView.swift in Sources */ = {isa = PBXBuildFile; fileRef = 85541E6129BA1DEA006785EB /* ContentView.swift */; };
		85541E6429BA1DEE006785EB /* Assets.xcassets in Resources */ = {isa = PBXBuildFile; fileRef = 85541E6329BA1DEE006785EB /* Assets.xcassets */; };
		85541E6729BA1DEE006785EB /* Preview Assets.xcassets in Resources */ = {isa = PBXBuildFile; fileRef = 85541E6629BA1DEE006785EB /* Preview Assets.xcassets */; };
		85541E7129BA1DEF006785EB /* ZanteTests.swift in Sources */ = {isa = PBXBuildFile; fileRef = 85541E7029BA1DEF006785EB /* ZanteTests.swift */; };
		85541E7B29BA1DEF006785EB /* ZanteUITests.swift in Sources */ = {isa = PBXBuildFile; fileRef = 85541E7A29BA1DEF006785EB /* ZanteUITests.swift */; };
		85541E7D29BA1DEF006785EB /* ZanteUITestsLaunchTests.swift in Sources */ = {isa = PBXBuildFile; fileRef = 85541E7C29BA1DEF006785EB /* ZanteUITestsLaunchTests.swift */; };
		8584808F2A03AA1300DB72FA /* ZanteLogo.png in Resources */ = {isa = PBXBuildFile; fileRef = 8584808E2A03AA1300DB72FA /* ZanteLogo.png */; };
		858480922A03E99A00DB72FA /* Localizable.strings in Resources */ = {isa = PBXBuildFile; fileRef = 858480902A03E99900DB72FA /* Localizable.strings */; };
		858C26CA29CC8ABE00750253 /* SessionViewModel.swift in Sources */ = {isa = PBXBuildFile; fileRef = 858C26C929CC8ABE00750253 /* SessionViewModel.swift */; };
		858C26CC29CC903400750253 /* HomeView.swift in Sources */ = {isa = PBXBuildFile; fileRef = 858C26CB29CC903400750253 /* HomeView.swift */; };
		858C26CE29CC998200750253 /* SearchView.swift in Sources */ = {isa = PBXBuildFile; fileRef = 858C26CD29CC998200750253 /* SearchView.swift */; };
		858C26D229CC999F00750253 /* PostingView.swift in Sources */ = {isa = PBXBuildFile; fileRef = 858C26D129CC999F00750253 /* PostingView.swift */; };
		858C26D629CC99D600750253 /* ProfileView.swift in Sources */ = {isa = PBXBuildFile; fileRef = 858C26D529CC99D600750253 /* ProfileView.swift */; };
		858C26D829CC9A3600750253 /* MainView.swift in Sources */ = {isa = PBXBuildFile; fileRef = 858C26D729CC9A3600750253 /* MainView.swift */; };
		85928D0F29C359D100449D12 /* GoogleService-Info.plist in Resources */ = {isa = PBXBuildFile; fileRef = 85928D0E29C359D100449D12 /* GoogleService-Info.plist */; };
		85928D1229C7928A00449D12 /* UserModel.swift in Sources */ = {isa = PBXBuildFile; fileRef = 85928D1129C7928A00449D12 /* UserModel.swift */; };
		85928D1429C7930200449D12 /* Extensions.swift in Sources */ = {isa = PBXBuildFile; fileRef = 85928D1329C7930200449D12 /* Extensions.swift */; };
		85928D1729C79B2600449D12 /* AuthenticationViewModel.swift in Sources */ = {isa = PBXBuildFile; fileRef = 85928D1629C79B2600449D12 /* AuthenticationViewModel.swift */; };
		85928D1929C79B4600449D12 /* FirebaseViewModel.swift in Sources */ = {isa = PBXBuildFile; fileRef = 85928D1829C79B4600449D12 /* FirebaseViewModel.swift */; };
		85A8C78929E1F7C70081FD5D /* SearchBar.swift in Sources */ = {isa = PBXBuildFile; fileRef = 85A8C78829E1F7C70081FD5D /* SearchBar.swift */; };
		85A8C78B29E1F8DC0081FD5D /* SearchViewModel.swift in Sources */ = {isa = PBXBuildFile; fileRef = 85A8C78A29E1F8DC0081FD5D /* SearchViewModel.swift */; };
		85A8C78D29E1FAFE0081FD5D /* UserProfile.swift in Sources */ = {isa = PBXBuildFile; fileRef = 85A8C78C29E1FAFE0081FD5D /* UserProfile.swift */; };
		85A8C78F29E23A0C0081FD5D /* FollowViewModel.swift in Sources */ = {isa = PBXBuildFile; fileRef = 85A8C78E29E23A0C0081FD5D /* FollowViewModel.swift */; };
		85A9900A29CCD96F00AD6E31 /* PostingModel.swift in Sources */ = {isa = PBXBuildFile; fileRef = 85A9900929CCD96E00AD6E31 /* PostingModel.swift */; };
		85A9900C29CCE3B400AD6E31 /* PostingViewModel.swift in Sources */ = {isa = PBXBuildFile; fileRef = 85A9900B29CCE3B400AD6E31 /* PostingViewModel.swift */; };
		85A9900F29CD077B00AD6E31 /* SDWebImageSwiftUI in Frameworks */ = {isa = PBXBuildFile; productRef = 85A9900E29CD077B00AD6E31 /* SDWebImageSwiftUI */; };
		85A9901129CD07B100AD6E31 /* ProfileHeader.swift in Sources */ = {isa = PBXBuildFile; fileRef = 85A9901029CD07B100AD6E31 /* ProfileHeader.swift */; };
		85A9901329CF7DD500AD6E31 /* PostCardViewModel.swift in Sources */ = {isa = PBXBuildFile; fileRef = 85A9901229CF7DD500AD6E31 /* PostCardViewModel.swift */; };
		85A9901529CF8BB200AD6E31 /* ProfileViewModel.swift in Sources */ = {isa = PBXBuildFile; fileRef = 85A9901429CF8BB200AD6E31 /* ProfileViewModel.swift */; };
		85A9901729CF8CE500AD6E31 /* PostCardImage.swift in Sources */ = {isa = PBXBuildFile; fileRef = 85A9901629CF8CE500AD6E31 /* PostCardImage.swift */; };
		85EC1AF429DAEC1D0076490E /* PostCard.swift in Sources */ = {isa = PBXBuildFile; fileRef = 85EC1AF329DAEC1D0076490E /* PostCard.swift */; };
		85F25A9629F17006001BC878 /* AudioPlayerView.swift in Sources */ = {isa = PBXBuildFile; fileRef = 85F25A9529F17006001BC878 /* AudioPlayerView.swift */; };
		85F25A9829F1706D001BC878 /* AudioPicker.swift in Sources */ = {isa = PBXBuildFile; fileRef = 85F25A9729F1706D001BC878 /* AudioPicker.swift */; };
/* End PBXBuildFile section */

/* Begin PBXContainerItemProxy section */
		85541E6D29BA1DEF006785EB /* PBXContainerItemProxy */ = {
			isa = PBXContainerItemProxy;
			containerPortal = 85541E5429BA1DEA006785EB /* Project object */;
			proxyType = 1;
			remoteGlobalIDString = 85541E5B29BA1DEA006785EB;
			remoteInfo = Zante;
		};
		85541E7729BA1DEF006785EB /* PBXContainerItemProxy */ = {
			isa = PBXContainerItemProxy;
			containerPortal = 85541E5429BA1DEA006785EB /* Project object */;
			proxyType = 1;
			remoteGlobalIDString = 85541E5B29BA1DEA006785EB;
			remoteInfo = Zante;
		};
/* End PBXContainerItemProxy section */

/* Begin PBXFileReference section */
		4C1BB1A92A041FDD00741A15 /* LoginViewTest.swift */ = {isa = PBXFileReference; lastKnownFileType = sourcecode.swift; path = LoginViewTest.swift; sourceTree = "<group>"; };
		8521266629E2CE6900677819 /* Follow.swift */ = {isa = PBXFileReference; lastKnownFileType = sourcecode.swift; path = Follow.swift; sourceTree = "<group>"; };
		8521266829E2D1D000677819 /* UsersProfileView.swift */ = {isa = PBXFileReference; lastKnownFileType = sourcecode.swift; path = UsersProfileView.swift; sourceTree = "<group>"; };
		8521266A29E32AE800677819 /* CommentModel.swift */ = {isa = PBXFileReference; lastKnownFileType = sourcecode.swift; path = CommentModel.swift; sourceTree = "<group>"; };
		8521266C29E32B9D00677819 /* CommentViewModel.swift */ = {isa = PBXFileReference; lastKnownFileType = sourcecode.swift; path = CommentViewModel.swift; sourceTree = "<group>"; };
		8521266E29E333DA00677819 /* Commenting.swift */ = {isa = PBXFileReference; lastKnownFileType = sourcecode.swift; path = Commenting.swift; sourceTree = "<group>"; };
		8521267029E33D4A00677819 /* CommentText.swift */ = {isa = PBXFileReference; lastKnownFileType = sourcecode.swift; path = CommentText.swift; sourceTree = "<group>"; };
		8521267229E33FE100677819 /* CommentView.swift */ = {isa = PBXFileReference; lastKnownFileType = sourcecode.swift; path = CommentView.swift; sourceTree = "<group>"; };
		8521267429E3638600677819 /* EditProfileView.swift */ = {isa = PBXFileReference; lastKnownFileType = sourcecode.swift; path = EditProfileView.swift; sourceTree = "<group>"; };
		8521267629E402F500677819 /* ChatModel.swift */ = {isa = PBXFileReference; lastKnownFileType = sourcecode.swift; path = ChatModel.swift; sourceTree = "<group>"; };
		8521267829E403D700677819 /* MessageModel.swift */ = {isa = PBXFileReference; lastKnownFileType = sourcecode.swift; path = MessageModel.swift; sourceTree = "<group>"; };
		8521267A29E4045C00677819 /* ChatViewModel.swift */ = {isa = PBXFileReference; lastKnownFileType = sourcecode.swift; path = ChatViewModel.swift; sourceTree = "<group>"; };
		85361E7C29F330A900A209E7 /* TextFieldWrapper.swift */ = {isa = PBXFileReference; lastKnownFileType = sourcecode.swift; path = TextFieldWrapper.swift; sourceTree = "<group>"; };
		85361E7E29FC556B00A209E7 /* MessageView.swift */ = {isa = PBXFileReference; lastKnownFileType = sourcecode.swift; path = MessageView.swift; sourceTree = "<group>"; };
		85361E8029FD24F700A209E7 /* MessageButton.swift */ = {isa = PBXFileReference; lastKnownFileType = sourcecode.swift; path = MessageButton.swift; sourceTree = "<group>"; };
		853AAD8F29C20EAF00EFB666 /* TextField.swift */ = {isa = PBXFileReference; lastKnownFileType = sourcecode.swift; path = TextField.swift; sourceTree = "<group>"; };
		853AAD9229C212CE00EFB666 /* LogInView.swift */ = {isa = PBXFileReference; lastKnownFileType = sourcecode.swift; path = LogInView.swift; sourceTree = "<group>"; };
		853AAD9429C214A400EFB666 /* Button.swift */ = {isa = PBXFileReference; lastKnownFileType = sourcecode.swift; path = Button.swift; sourceTree = "<group>"; };
		853AAD9A29C2322A00EFB666 /* SignUpView.swift */ = {isa = PBXFileReference; lastKnownFileType = sourcecode.swift; path = SignUpView.swift; sourceTree = "<group>"; };
		853AAD9D29C2392100EFB666 /* ImagePicker.swift */ = {isa = PBXFileReference; lastKnownFileType = sourcecode.swift; path = ImagePicker.swift; sourceTree = "<group>"; };
		85541E5C29BA1DEA006785EB /* Zante.app */ = {isa = PBXFileReference; explicitFileType = wrapper.application; includeInIndex = 0; path = Zante.app; sourceTree = BUILT_PRODUCTS_DIR; };
		85541E5F29BA1DEA006785EB /* ZanteApp.swift */ = {isa = PBXFileReference; lastKnownFileType = sourcecode.swift; path = ZanteApp.swift; sourceTree = "<group>"; };
		85541E6129BA1DEA006785EB /* ContentView.swift */ = {isa = PBXFileReference; lastKnownFileType = sourcecode.swift; path = ContentView.swift; sourceTree = "<group>"; };
		85541E6329BA1DEE006785EB /* Assets.xcassets */ = {isa = PBXFileReference; lastKnownFileType = folder.assetcatalog; path = Assets.xcassets; sourceTree = "<group>"; };
		85541E6629BA1DEE006785EB /* Preview Assets.xcassets */ = {isa = PBXFileReference; lastKnownFileType = folder.assetcatalog; path = "Preview Assets.xcassets"; sourceTree = "<group>"; };
		85541E6C29BA1DEF006785EB /* ZanteTests.xctest */ = {isa = PBXFileReference; explicitFileType = wrapper.cfbundle; includeInIndex = 0; path = ZanteTests.xctest; sourceTree = BUILT_PRODUCTS_DIR; };
		85541E7029BA1DEF006785EB /* ZanteTests.swift */ = {isa = PBXFileReference; lastKnownFileType = sourcecode.swift; path = ZanteTests.swift; sourceTree = "<group>"; };
		85541E7629BA1DEF006785EB /* ZanteUITests.xctest */ = {isa = PBXFileReference; explicitFileType = wrapper.cfbundle; includeInIndex = 0; path = ZanteUITests.xctest; sourceTree = BUILT_PRODUCTS_DIR; };
		85541E7A29BA1DEF006785EB /* ZanteUITests.swift */ = {isa = PBXFileReference; lastKnownFileType = sourcecode.swift; path = ZanteUITests.swift; sourceTree = "<group>"; };
		85541E7C29BA1DEF006785EB /* ZanteUITestsLaunchTests.swift */ = {isa = PBXFileReference; lastKnownFileType = sourcecode.swift; path = ZanteUITestsLaunchTests.swift; sourceTree = "<group>"; };
		8584808E2A03AA1300DB72FA /* ZanteLogo.png */ = {isa = PBXFileReference; lastKnownFileType = image.png; path = ZanteLogo.png; sourceTree = "<group>"; };
		858480912A03E99A00DB72FA /* da */ = {isa = PBXFileReference; lastKnownFileType = text.plist.strings; name = da; path = da.lproj/Localizable.strings; sourceTree = "<group>"; };
		858C26C929CC8ABE00750253 /* SessionViewModel.swift */ = {isa = PBXFileReference; lastKnownFileType = sourcecode.swift; path = SessionViewModel.swift; sourceTree = "<group>"; };
		858C26CB29CC903400750253 /* HomeView.swift */ = {isa = PBXFileReference; lastKnownFileType = sourcecode.swift; path = HomeView.swift; sourceTree = "<group>"; };
		858C26CD29CC998200750253 /* SearchView.swift */ = {isa = PBXFileReference; lastKnownFileType = sourcecode.swift; path = SearchView.swift; sourceTree = "<group>"; };
		858C26D129CC999F00750253 /* PostingView.swift */ = {isa = PBXFileReference; lastKnownFileType = sourcecode.swift; path = PostingView.swift; sourceTree = "<group>"; };
		858C26D529CC99D600750253 /* ProfileView.swift */ = {isa = PBXFileReference; lastKnownFileType = sourcecode.swift; path = ProfileView.swift; sourceTree = "<group>"; };
		858C26D729CC9A3600750253 /* MainView.swift */ = {isa = PBXFileReference; lastKnownFileType = sourcecode.swift; path = MainView.swift; sourceTree = "<group>"; };
		85928D0E29C359D100449D12 /* GoogleService-Info.plist */ = {isa = PBXFileReference; fileEncoding = 4; lastKnownFileType = text.plist.xml; path = "GoogleService-Info.plist"; sourceTree = "<group>"; };
		85928D1129C7928A00449D12 /* UserModel.swift */ = {isa = PBXFileReference; lastKnownFileType = sourcecode.swift; path = UserModel.swift; sourceTree = "<group>"; };
		85928D1329C7930200449D12 /* Extensions.swift */ = {isa = PBXFileReference; lastKnownFileType = sourcecode.swift; path = Extensions.swift; sourceTree = "<group>"; };
		85928D1629C79B2600449D12 /* AuthenticationViewModel.swift */ = {isa = PBXFileReference; lastKnownFileType = sourcecode.swift; path = AuthenticationViewModel.swift; sourceTree = "<group>"; };
		85928D1829C79B4600449D12 /* FirebaseViewModel.swift */ = {isa = PBXFileReference; lastKnownFileType = sourcecode.swift; path = FirebaseViewModel.swift; sourceTree = "<group>"; };
		85A8C78829E1F7C70081FD5D /* SearchBar.swift */ = {isa = PBXFileReference; lastKnownFileType = sourcecode.swift; path = SearchBar.swift; sourceTree = "<group>"; };
		85A8C78A29E1F8DC0081FD5D /* SearchViewModel.swift */ = {isa = PBXFileReference; lastKnownFileType = sourcecode.swift; path = SearchViewModel.swift; sourceTree = "<group>"; };
		85A8C78C29E1FAFE0081FD5D /* UserProfile.swift */ = {isa = PBXFileReference; lastKnownFileType = sourcecode.swift; path = UserProfile.swift; sourceTree = "<group>"; };
		85A8C78E29E23A0C0081FD5D /* FollowViewModel.swift */ = {isa = PBXFileReference; lastKnownFileType = sourcecode.swift; path = FollowViewModel.swift; sourceTree = "<group>"; };
		85A9900929CCD96E00AD6E31 /* PostingModel.swift */ = {isa = PBXFileReference; lastKnownFileType = sourcecode.swift; path = PostingModel.swift; sourceTree = "<group>"; };
		85A9900B29CCE3B400AD6E31 /* PostingViewModel.swift */ = {isa = PBXFileReference; lastKnownFileType = sourcecode.swift; path = PostingViewModel.swift; sourceTree = "<group>"; };
		85A9901029CD07B100AD6E31 /* ProfileHeader.swift */ = {isa = PBXFileReference; lastKnownFileType = sourcecode.swift; path = ProfileHeader.swift; sourceTree = "<group>"; };
		85A9901229CF7DD500AD6E31 /* PostCardViewModel.swift */ = {isa = PBXFileReference; lastKnownFileType = sourcecode.swift; path = PostCardViewModel.swift; sourceTree = "<group>"; };
		85A9901429CF8BB200AD6E31 /* ProfileViewModel.swift */ = {isa = PBXFileReference; lastKnownFileType = sourcecode.swift; path = ProfileViewModel.swift; sourceTree = "<group>"; };
		85A9901629CF8CE500AD6E31 /* PostCardImage.swift */ = {isa = PBXFileReference; lastKnownFileType = sourcecode.swift; path = PostCardImage.swift; sourceTree = "<group>"; };
		85C0B2E82A043F34002F7A4C /* Script.sh */ = {isa = PBXFileReference; lastKnownFileType = text.script.sh; path = Script.sh; sourceTree = "<group>"; };
		85EC1AF329DAEC1D0076490E /* PostCard.swift */ = {isa = PBXFileReference; lastKnownFileType = sourcecode.swift; path = PostCard.swift; sourceTree = "<group>"; };
		85F25A9529F17006001BC878 /* AudioPlayerView.swift */ = {isa = PBXFileReference; lastKnownFileType = sourcecode.swift; path = AudioPlayerView.swift; sourceTree = "<group>"; };
		85F25A9729F1706D001BC878 /* AudioPicker.swift */ = {isa = PBXFileReference; lastKnownFileType = sourcecode.swift; path = AudioPicker.swift; sourceTree = "<group>"; };
/* End PBXFileReference section */

/* Begin PBXFrameworksBuildPhase section */
		85541E5929BA1DEA006785EB /* Frameworks */ = {
			isa = PBXFrameworksBuildPhase;
			buildActionMask = 2147483647;
			files = (
				85361E5D29F2F25200A209E7 /* FirebaseDatabaseSwift in Frameworks */,
				85361E6729F2F25200A209E7 /* FirebaseFunctionsCombine-Community in Frameworks */,
				85361E5F29F2F25200A209E7 /* FirebaseFirestore in Frameworks */,
				85361E5329F2F25200A209E7 /* FirebaseAppDistribution-Beta in Frameworks */,
				85361E5729F2F25200A209E7 /* FirebaseAuthCombine-Community in Frameworks */,
				85361E4D29F2F25200A209E7 /* FirebaseAnalyticsSwift in Frameworks */,
				85361E6F29F2F25200A209E7 /* FirebaseMLModelDownloader in Frameworks */,
				85361E6329F2F25200A209E7 /* FirebaseFirestoreSwift in Frameworks */,
				85361E4F29F2F25200A209E7 /* FirebaseAnalyticsWithoutAdIdSupport in Frameworks */,
				85361E4929F2F25200A209E7 /* FirebaseAnalytics in Frameworks */,
				85361E4B29F2F25200A209E7 /* FirebaseAnalyticsOnDeviceConversion in Frameworks */,
				85361E5129F2F25200A209E7 /* FirebaseAppCheck in Frameworks */,
				85361E7729F2F25200A209E7 /* FirebaseRemoteConfigSwift in Frameworks */,
				85361E6929F2F25200A209E7 /* FirebaseInAppMessaging-Beta in Frameworks */,
				85361E5929F2F25200A209E7 /* FirebaseCrashlytics in Frameworks */,
				85361E6529F2F25200A209E7 /* FirebaseFunctions in Frameworks */,
				85361E7B29F2F25200A209E7 /* FirebaseStorageCombine-Community in Frameworks */,
				85361E7529F2F25200A209E7 /* FirebaseRemoteConfig in Frameworks */,
				85361E5B29F2F25200A209E7 /* FirebaseDatabase in Frameworks */,
				85A9900F29CD077B00AD6E31 /* SDWebImageSwiftUI in Frameworks */,
				85361E7329F2F25200A209E7 /* FirebasePerformance in Frameworks */,
				85361E6B29F2F25200A209E7 /* FirebaseInAppMessagingSwift-Beta in Frameworks */,
				85361E7929F2F25200A209E7 /* FirebaseStorage in Frameworks */,
				85361E5529F2F25200A209E7 /* FirebaseAuth in Frameworks */,
				85361E6129F2F25200A209E7 /* FirebaseFirestoreCombine-Community in Frameworks */,
				85361E7129F2F25200A209E7 /* FirebaseMessaging in Frameworks */,
				85361E6D29F2F25200A209E7 /* FirebaseInstallations in Frameworks */,
			);
			runOnlyForDeploymentPostprocessing = 0;
		};
		85541E6929BA1DEF006785EB /* Frameworks */ = {
			isa = PBXFrameworksBuildPhase;
			buildActionMask = 2147483647;
			files = (
			);
			runOnlyForDeploymentPostprocessing = 0;
		};
		85541E7329BA1DEF006785EB /* Frameworks */ = {
			isa = PBXFrameworksBuildPhase;
			buildActionMask = 2147483647;
			files = (
			);
			runOnlyForDeploymentPostprocessing = 0;
		};
/* End PBXFrameworksBuildPhase section */

/* Begin PBXGroup section */
		853AAD8E29C20E6200EFB666 /* UIComponents */ = {
			isa = PBXGroup;
			children = (
				853AAD8F29C20EAF00EFB666 /* TextField.swift */,
				853AAD9429C214A400EFB666 /* Button.swift */,
				85A9901029CD07B100AD6E31 /* ProfileHeader.swift */,
				85A9901629CF8CE500AD6E31 /* PostCardImage.swift */,
				85EC1AF329DAEC1D0076490E /* PostCard.swift */,
				85A8C78829E1F7C70081FD5D /* SearchBar.swift */,
				8521266629E2CE6900677819 /* Follow.swift */,
				8521266E29E333DA00677819 /* Commenting.swift */,
				8521267029E33D4A00677819 /* CommentText.swift */,
				85361E7C29F330A900A209E7 /* TextFieldWrapper.swift */,
				85361E8029FD24F700A209E7 /* MessageButton.swift */,
			);
			path = UIComponents;
			sourceTree = "<group>";
		};
		853AAD9129C212AE00EFB666 /* View */ = {
			isa = PBXGroup;
			children = (
				853AAD9229C212CE00EFB666 /* LogInView.swift */,
				853AAD9A29C2322A00EFB666 /* SignUpView.swift */,
				858C26CB29CC903400750253 /* HomeView.swift */,
				858C26CD29CC998200750253 /* SearchView.swift */,
				858C26D129CC999F00750253 /* PostingView.swift */,
				858C26D529CC99D600750253 /* ProfileView.swift */,
				858C26D729CC9A3600750253 /* MainView.swift */,
				85A8C78C29E1FAFE0081FD5D /* UserProfile.swift */,
				8521266829E2D1D000677819 /* UsersProfileView.swift */,
				8521267229E33FE100677819 /* CommentView.swift */,
				8521267429E3638600677819 /* EditProfileView.swift */,
				85F25A9529F17006001BC878 /* AudioPlayerView.swift */,
				85361E7E29FC556B00A209E7 /* MessageView.swift */,
			);
			path = View;
			sourceTree = "<group>";
		};
		853AAD9C29C238EF00EFB666 /* Util */ = {
			isa = PBXGroup;
			children = (
				853AAD9D29C2392100EFB666 /* ImagePicker.swift */,
				85928D1329C7930200449D12 /* Extensions.swift */,
				85F25A9729F1706D001BC878 /* AudioPicker.swift */,
			);
			path = Util;
			sourceTree = "<group>";
		};
		85541E5329BA1DEA006785EB = {
			isa = PBXGroup;
			children = (
				85C0B2E82A043F34002F7A4C /* Script.sh */,
				85541E5E29BA1DEA006785EB /* Zante */,
				85541E6F29BA1DEF006785EB /* ZanteTests */,
				85541E7929BA1DEF006785EB /* ZanteUITests */,
				85541E5D29BA1DEA006785EB /* Products */,
				EEA5B1329F37DF687C3560ED /* Pods */,
			);
			sourceTree = "<group>";
		};
		85541E5D29BA1DEA006785EB /* Products */ = {
			isa = PBXGroup;
			children = (
				85541E5C29BA1DEA006785EB /* Zante.app */,
				85541E6C29BA1DEF006785EB /* ZanteTests.xctest */,
				85541E7629BA1DEF006785EB /* ZanteUITests.xctest */,
			);
			name = Products;
			sourceTree = "<group>";
		};
		85541E5E29BA1DEA006785EB /* Zante */ = {
			isa = PBXGroup;
			children = (
				858480902A03E99900DB72FA /* Localizable.strings */,
				85928D1529C79B1800449D12 /* Services */,
				85928D1029C7922C00449D12 /* Model */,
				85928D0E29C359D100449D12 /* GoogleService-Info.plist */,
				853AAD9C29C238EF00EFB666 /* Util */,
				853AAD9129C212AE00EFB666 /* View */,
				853AAD8E29C20E6200EFB666 /* UIComponents */,
				85541E5F29BA1DEA006785EB /* ZanteApp.swift */,
				85541E6129BA1DEA006785EB /* ContentView.swift */,
				85541E6329BA1DEE006785EB /* Assets.xcassets */,
				8584808E2A03AA1300DB72FA /* ZanteLogo.png */,
				85541E6529BA1DEE006785EB /* Preview Content */,
			);
			path = Zante;
			sourceTree = "<group>";
		};
		85541E6529BA1DEE006785EB /* Preview Content */ = {
			isa = PBXGroup;
			children = (
				85541E6629BA1DEE006785EB /* Preview Assets.xcassets */,
			);
			path = "Preview Content";
			sourceTree = "<group>";
		};
		85541E6F29BA1DEF006785EB /* ZanteTests */ = {
			isa = PBXGroup;
			children = (
				85541E7029BA1DEF006785EB /* ZanteTests.swift */,
			);
			path = ZanteTests;
			sourceTree = "<group>";
		};
		85541E7929BA1DEF006785EB /* ZanteUITests */ = {
			isa = PBXGroup;
			children = (
				85541E7A29BA1DEF006785EB /* ZanteUITests.swift */,
				85541E7C29BA1DEF006785EB /* ZanteUITestsLaunchTests.swift */,
				4C1BB1A92A041FDD00741A15 /* LoginViewTest.swift */,
			);
			path = ZanteUITests;
			sourceTree = "<group>";
		};
		85928D1029C7922C00449D12 /* Model */ = {
			isa = PBXGroup;
			children = (
				85928D1129C7928A00449D12 /* UserModel.swift */,
				85A9900929CCD96E00AD6E31 /* PostingModel.swift */,
				8521266A29E32AE800677819 /* CommentModel.swift */,
				8521267629E402F500677819 /* ChatModel.swift */,
				8521267829E403D700677819 /* MessageModel.swift */,
			);
			path = Model;
			sourceTree = "<group>";
		};
		85928D1529C79B1800449D12 /* Services */ = {
			isa = PBXGroup;
			children = (
				85928D1629C79B2600449D12 /* AuthenticationViewModel.swift */,
				85928D1829C79B4600449D12 /* FirebaseViewModel.swift */,
				858C26C929CC8ABE00750253 /* SessionViewModel.swift */,
				85A9900B29CCE3B400AD6E31 /* PostingViewModel.swift */,
				85A9901229CF7DD500AD6E31 /* PostCardViewModel.swift */,
				85A9901429CF8BB200AD6E31 /* ProfileViewModel.swift */,
				85A8C78A29E1F8DC0081FD5D /* SearchViewModel.swift */,
				85A8C78E29E23A0C0081FD5D /* FollowViewModel.swift */,
				8521266C29E32B9D00677819 /* CommentViewModel.swift */,
				8521267A29E4045C00677819 /* ChatViewModel.swift */,
			);
			path = Services;
			sourceTree = "<group>";
		};
		EEA5B1329F37DF687C3560ED /* Pods */ = {
			isa = PBXGroup;
			children = (
			);
			path = Pods;
			sourceTree = "<group>";
		};
/* End PBXGroup section */

/* Begin PBXNativeTarget section */
		85541E5B29BA1DEA006785EB /* Zante */ = {
			isa = PBXNativeTarget;
			buildConfigurationList = 85541E8029BA1DEF006785EB /* Build configuration list for PBXNativeTarget "Zante" */;
			buildPhases = (
				85541E5829BA1DEA006785EB /* Sources */,
				85541E5929BA1DEA006785EB /* Frameworks */,
				85541E5A29BA1DEA006785EB /* Resources */,
			);
			buildRules = (
			);
			dependencies = (
			);
			name = Zante;
			packageProductDependencies = (
				85A9900E29CD077B00AD6E31 /* SDWebImageSwiftUI */,
				85361E4829F2F25200A209E7 /* FirebaseAnalytics */,
				85361E4A29F2F25200A209E7 /* FirebaseAnalyticsOnDeviceConversion */,
				85361E4C29F2F25200A209E7 /* FirebaseAnalyticsSwift */,
				85361E4E29F2F25200A209E7 /* FirebaseAnalyticsWithoutAdIdSupport */,
				85361E5029F2F25200A209E7 /* FirebaseAppCheck */,
				85361E5229F2F25200A209E7 /* FirebaseAppDistribution-Beta */,
				85361E5429F2F25200A209E7 /* FirebaseAuth */,
				85361E5629F2F25200A209E7 /* FirebaseAuthCombine-Community */,
				85361E5829F2F25200A209E7 /* FirebaseCrashlytics */,
				85361E5A29F2F25200A209E7 /* FirebaseDatabase */,
				85361E5C29F2F25200A209E7 /* FirebaseDatabaseSwift */,
				85361E5E29F2F25200A209E7 /* FirebaseFirestore */,
				85361E6029F2F25200A209E7 /* FirebaseFirestoreCombine-Community */,
				85361E6229F2F25200A209E7 /* FirebaseFirestoreSwift */,
				85361E6429F2F25200A209E7 /* FirebaseFunctions */,
				85361E6629F2F25200A209E7 /* FirebaseFunctionsCombine-Community */,
				85361E6829F2F25200A209E7 /* FirebaseInAppMessaging-Beta */,
				85361E6A29F2F25200A209E7 /* FirebaseInAppMessagingSwift-Beta */,
				85361E6C29F2F25200A209E7 /* FirebaseInstallations */,
				85361E6E29F2F25200A209E7 /* FirebaseMLModelDownloader */,
				85361E7029F2F25200A209E7 /* FirebaseMessaging */,
				85361E7229F2F25200A209E7 /* FirebasePerformance */,
				85361E7429F2F25200A209E7 /* FirebaseRemoteConfig */,
				85361E7629F2F25200A209E7 /* FirebaseRemoteConfigSwift */,
				85361E7829F2F25200A209E7 /* FirebaseStorage */,
				85361E7A29F2F25200A209E7 /* FirebaseStorageCombine-Community */,
			);
			productName = Zante;
			productReference = 85541E5C29BA1DEA006785EB /* Zante.app */;
			productType = "com.apple.product-type.application";
		};
		85541E6B29BA1DEF006785EB /* ZanteTests */ = {
			isa = PBXNativeTarget;
			buildConfigurationList = 85541E8329BA1DEF006785EB /* Build configuration list for PBXNativeTarget "ZanteTests" */;
			buildPhases = (
				85541E6829BA1DEF006785EB /* Sources */,
				85541E6929BA1DEF006785EB /* Frameworks */,
				85541E6A29BA1DEF006785EB /* Resources */,
			);
			buildRules = (
			);
			dependencies = (
				85541E6E29BA1DEF006785EB /* PBXTargetDependency */,
			);
			name = ZanteTests;
			productName = ZanteTests;
			productReference = 85541E6C29BA1DEF006785EB /* ZanteTests.xctest */;
			productType = "com.apple.product-type.bundle.unit-test";
		};
		85541E7529BA1DEF006785EB /* ZanteUITests */ = {
			isa = PBXNativeTarget;
			buildConfigurationList = 85541E8629BA1DEF006785EB /* Build configuration list for PBXNativeTarget "ZanteUITests" */;
			buildPhases = (
				85541E7229BA1DEF006785EB /* Sources */,
				85541E7329BA1DEF006785EB /* Frameworks */,
				85541E7429BA1DEF006785EB /* Resources */,
			);
			buildRules = (
			);
			dependencies = (
				85541E7829BA1DEF006785EB /* PBXTargetDependency */,
			);
			name = ZanteUITests;
			productName = ZanteUITests;
			productReference = 85541E7629BA1DEF006785EB /* ZanteUITests.xctest */;
			productType = "com.apple.product-type.bundle.ui-testing";
		};
/* End PBXNativeTarget section */

/* Begin PBXProject section */
		85541E5429BA1DEA006785EB /* Project object */ = {
			isa = PBXProject;
			attributes = {
				BuildIndependentTargetsInParallel = 1;
				LastSwiftUpdateCheck = 1420;
				LastUpgradeCheck = 1420;
				TargetAttributes = {
					85541E5B29BA1DEA006785EB = {
						CreatedOnToolsVersion = 14.2;
					};
					85541E6B29BA1DEF006785EB = {
						CreatedOnToolsVersion = 14.2;
						TestTargetID = 85541E5B29BA1DEA006785EB;
					};
					85541E7529BA1DEF006785EB = {
						CreatedOnToolsVersion = 14.2;
						TestTargetID = 85541E5B29BA1DEA006785EB;
					};
				};
			};
			buildConfigurationList = 85541E5729BA1DEA006785EB /* Build configuration list for PBXProject "Zante" */;
			compatibilityVersion = "Xcode 14.0";
			developmentRegion = en;
			hasScannedForEncodings = 0;
			knownRegions = (
				en,
				Base,
				da,
			);
			mainGroup = 85541E5329BA1DEA006785EB;
			packageReferences = (
				85A9900D29CD077B00AD6E31 /* XCRemoteSwiftPackageReference "SDWebImageSwiftUI" */,
				85361E4729F2F25200A209E7 /* XCRemoteSwiftPackageReference "firebase-ios-sdk" */,
			);
			productRefGroup = 85541E5D29BA1DEA006785EB /* Products */;
			projectDirPath = "";
			projectRoot = "";
			targets = (
				85541E5B29BA1DEA006785EB /* Zante */,
				85541E6B29BA1DEF006785EB /* ZanteTests */,
				85541E7529BA1DEF006785EB /* ZanteUITests */,
			);
		};
/* End PBXProject section */

/* Begin PBXResourcesBuildPhase section */
		85541E5A29BA1DEA006785EB /* Resources */ = {
			isa = PBXResourcesBuildPhase;
			buildActionMask = 2147483647;
			files = (
				858480922A03E99A00DB72FA /* Localizable.strings in Resources */,
				85541E6729BA1DEE006785EB /* Preview Assets.xcassets in Resources */,
				85928D0F29C359D100449D12 /* GoogleService-Info.plist in Resources */,
				85541E6429BA1DEE006785EB /* Assets.xcassets in Resources */,
				8584808F2A03AA1300DB72FA /* ZanteLogo.png in Resources */,
			);
			runOnlyForDeploymentPostprocessing = 0;
		};
		85541E6A29BA1DEF006785EB /* Resources */ = {
			isa = PBXResourcesBuildPhase;
			buildActionMask = 2147483647;
			files = (
			);
			runOnlyForDeploymentPostprocessing = 0;
		};
		85541E7429BA1DEF006785EB /* Resources */ = {
			isa = PBXResourcesBuildPhase;
			buildActionMask = 2147483647;
			files = (
			);
			runOnlyForDeploymentPostprocessing = 0;
		};
/* End PBXResourcesBuildPhase section */

/* Begin PBXSourcesBuildPhase section */
		85541E5829BA1DEA006785EB /* Sources */ = {
			isa = PBXSourcesBuildPhase;
			buildActionMask = 2147483647;
			files = (
				858C26CA29CC8ABE00750253 /* SessionViewModel.swift in Sources */,
				85A9900A29CCD96F00AD6E31 /* PostingModel.swift in Sources */,
				858C26CC29CC903400750253 /* HomeView.swift in Sources */,
				853AAD9529C214A400EFB666 /* Button.swift in Sources */,
				85928D1929C79B4600449D12 /* FirebaseViewModel.swift in Sources */,
				85F25A9629F17006001BC878 /* AudioPlayerView.swift in Sources */,
				85928D1229C7928A00449D12 /* UserModel.swift in Sources */,
				85A8C78F29E23A0C0081FD5D /* FollowViewModel.swift in Sources */,
				8521266B29E32AE800677819 /* CommentModel.swift in Sources */,
				853AAD9E29C2392100EFB666 /* ImagePicker.swift in Sources */,
				8521266D29E32B9D00677819 /* CommentViewModel.swift in Sources */,
				85A9901329CF7DD500AD6E31 /* PostCardViewModel.swift in Sources */,
				8521267729E402F500677819 /* ChatModel.swift in Sources */,
				8521267529E3638600677819 /* EditProfileView.swift in Sources */,
				85A8C78D29E1FAFE0081FD5D /* UserProfile.swift in Sources */,
				85541E6229BA1DEA006785EB /* ContentView.swift in Sources */,
				858C26D629CC99D600750253 /* ProfileView.swift in Sources */,
				85361E8129FD24F700A209E7 /* MessageButton.swift in Sources */,
				85541E6029BA1DEA006785EB /* ZanteApp.swift in Sources */,
				85EC1AF429DAEC1D0076490E /* PostCard.swift in Sources */,
				8521266729E2CE6900677819 /* Follow.swift in Sources */,
				8521266929E2D1D000677819 /* UsersProfileView.swift in Sources */,
				85A9901129CD07B100AD6E31 /* ProfileHeader.swift in Sources */,
				8521267B29E4045C00677819 /* ChatViewModel.swift in Sources */,
				85928D1729C79B2600449D12 /* AuthenticationViewModel.swift in Sources */,
				85F25A9829F1706D001BC878 /* AudioPicker.swift in Sources */,
				8521267329E33FE100677819 /* CommentView.swift in Sources */,
				85A8C78929E1F7C70081FD5D /* SearchBar.swift in Sources */,
				8521266F29E333DA00677819 /* Commenting.swift in Sources */,
				85361E7F29FC556B00A209E7 /* MessageView.swift in Sources */,
				85928D1429C7930200449D12 /* Extensions.swift in Sources */,
				85A9901729CF8CE500AD6E31 /* PostCardImage.swift in Sources */,
				853AAD9B29C2322A00EFB666 /* SignUpView.swift in Sources */,
				858C26D829CC9A3600750253 /* MainView.swift in Sources */,
				853AAD9029C20EAF00EFB666 /* TextField.swift in Sources */,
				85A9901529CF8BB200AD6E31 /* ProfileViewModel.swift in Sources */,
				8521267129E33D4A00677819 /* CommentText.swift in Sources */,
				858C26CE29CC998200750253 /* SearchView.swift in Sources */,
				85A9900C29CCE3B400AD6E31 /* PostingViewModel.swift in Sources */,
				8521267929E403D700677819 /* MessageModel.swift in Sources */,
				858C26D229CC999F00750253 /* PostingView.swift in Sources */,
				85A8C78B29E1F8DC0081FD5D /* SearchViewModel.swift in Sources */,
				85361E7D29F330A900A209E7 /* TextFieldWrapper.swift in Sources */,
				853AAD9329C212CE00EFB666 /* LogInView.swift in Sources */,
			);
			runOnlyForDeploymentPostprocessing = 0;
		};
		85541E6829BA1DEF006785EB /* Sources */ = {
			isa = PBXSourcesBuildPhase;
			buildActionMask = 2147483647;
			files = (
				85541E7129BA1DEF006785EB /* ZanteTests.swift in Sources */,
			);
			runOnlyForDeploymentPostprocessing = 0;
		};
		85541E7229BA1DEF006785EB /* Sources */ = {
			isa = PBXSourcesBuildPhase;
			buildActionMask = 2147483647;
			files = (
				4C1BB1AA2A041FDD00741A15 /* LoginViewTest.swift in Sources */,
				85541E7B29BA1DEF006785EB /* ZanteUITests.swift in Sources */,
				85541E7D29BA1DEF006785EB /* ZanteUITestsLaunchTests.swift in Sources */,
			);
			runOnlyForDeploymentPostprocessing = 0;
		};
/* End PBXSourcesBuildPhase section */

/* Begin PBXTargetDependency section */
		85541E6E29BA1DEF006785EB /* PBXTargetDependency */ = {
			isa = PBXTargetDependency;
			target = 85541E5B29BA1DEA006785EB /* Zante */;
			targetProxy = 85541E6D29BA1DEF006785EB /* PBXContainerItemProxy */;
		};
		85541E7829BA1DEF006785EB /* PBXTargetDependency */ = {
			isa = PBXTargetDependency;
			target = 85541E5B29BA1DEA006785EB /* Zante */;
			targetProxy = 85541E7729BA1DEF006785EB /* PBXContainerItemProxy */;
		};
/* End PBXTargetDependency section */

/* Begin PBXVariantGroup section */
		858480902A03E99900DB72FA /* Localizable.strings */ = {
			isa = PBXVariantGroup;
			children = (
				858480912A03E99A00DB72FA /* da */,
			);
			name = Localizable.strings;
			sourceTree = "<group>";
		};
/* End PBXVariantGroup section */

/* Begin XCBuildConfiguration section */
		85541E7E29BA1DEF006785EB /* Debug */ = {
			isa = XCBuildConfiguration;
			buildSettings = {
				ALWAYS_SEARCH_USER_PATHS = NO;
				CLANG_ANALYZER_NONNULL = YES;
				CLANG_ANALYZER_NUMBER_OBJECT_CONVERSION = YES_AGGRESSIVE;
				CLANG_CXX_LANGUAGE_STANDARD = "gnu++20";
				CLANG_ENABLE_MODULES = YES;
				CLANG_ENABLE_OBJC_ARC = YES;
				CLANG_ENABLE_OBJC_WEAK = YES;
				CLANG_WARN_BLOCK_CAPTURE_AUTORELEASING = YES;
				CLANG_WARN_BOOL_CONVERSION = YES;
				CLANG_WARN_COMMA = YES;
				CLANG_WARN_CONSTANT_CONVERSION = YES;
				CLANG_WARN_DEPRECATED_OBJC_IMPLEMENTATIONS = YES;
				CLANG_WARN_DIRECT_OBJC_ISA_USAGE = YES_ERROR;
				CLANG_WARN_DOCUMENTATION_COMMENTS = YES;
				CLANG_WARN_EMPTY_BODY = YES;
				CLANG_WARN_ENUM_CONVERSION = YES;
				CLANG_WARN_INFINITE_RECURSION = YES;
				CLANG_WARN_INT_CONVERSION = YES;
				CLANG_WARN_NON_LITERAL_NULL_CONVERSION = YES;
				CLANG_WARN_OBJC_IMPLICIT_RETAIN_SELF = YES;
				CLANG_WARN_OBJC_LITERAL_CONVERSION = YES;
				CLANG_WARN_OBJC_ROOT_CLASS = YES_ERROR;
				CLANG_WARN_QUOTED_INCLUDE_IN_FRAMEWORK_HEADER = YES;
				CLANG_WARN_RANGE_LOOP_ANALYSIS = YES;
				CLANG_WARN_STRICT_PROTOTYPES = YES;
				CLANG_WARN_SUSPICIOUS_MOVE = YES;
				CLANG_WARN_UNGUARDED_AVAILABILITY = YES_AGGRESSIVE;
				CLANG_WARN_UNREACHABLE_CODE = YES;
				CLANG_WARN__DUPLICATE_METHOD_MATCH = YES;
				COPY_PHASE_STRIP = NO;
				DEBUG_INFORMATION_FORMAT = dwarf;
				ENABLE_STRICT_OBJC_MSGSEND = YES;
				ENABLE_TESTABILITY = YES;
				GCC_C_LANGUAGE_STANDARD = gnu11;
				GCC_DYNAMIC_NO_PIC = NO;
				GCC_NO_COMMON_BLOCKS = YES;
				GCC_OPTIMIZATION_LEVEL = 0;
				GCC_PREPROCESSOR_DEFINITIONS = (
					"DEBUG=1",
					"$(inherited)",
				);
				GCC_WARN_64_TO_32_BIT_CONVERSION = YES;
				GCC_WARN_ABOUT_RETURN_TYPE = YES_ERROR;
				GCC_WARN_UNDECLARED_SELECTOR = YES;
				GCC_WARN_UNINITIALIZED_AUTOS = YES_AGGRESSIVE;
				GCC_WARN_UNUSED_FUNCTION = YES;
				GCC_WARN_UNUSED_VARIABLE = YES;
				IPHONEOS_DEPLOYMENT_TARGET = 16.2;
				MTL_ENABLE_DEBUG_INFO = INCLUDE_SOURCE;
				MTL_FAST_MATH = YES;
				ONLY_ACTIVE_ARCH = YES;
				SDKROOT = iphoneos;
				SWIFT_ACTIVE_COMPILATION_CONDITIONS = DEBUG;
				SWIFT_OPTIMIZATION_LEVEL = "-Onone";
			};
			name = Debug;
		};
		85541E7F29BA1DEF006785EB /* Release */ = {
			isa = XCBuildConfiguration;
			buildSettings = {
				ALWAYS_SEARCH_USER_PATHS = NO;
				CLANG_ANALYZER_NONNULL = YES;
				CLANG_ANALYZER_NUMBER_OBJECT_CONVERSION = YES_AGGRESSIVE;
				CLANG_CXX_LANGUAGE_STANDARD = "gnu++20";
				CLANG_ENABLE_MODULES = YES;
				CLANG_ENABLE_OBJC_ARC = YES;
				CLANG_ENABLE_OBJC_WEAK = YES;
				CLANG_WARN_BLOCK_CAPTURE_AUTORELEASING = YES;
				CLANG_WARN_BOOL_CONVERSION = YES;
				CLANG_WARN_COMMA = YES;
				CLANG_WARN_CONSTANT_CONVERSION = YES;
				CLANG_WARN_DEPRECATED_OBJC_IMPLEMENTATIONS = YES;
				CLANG_WARN_DIRECT_OBJC_ISA_USAGE = YES_ERROR;
				CLANG_WARN_DOCUMENTATION_COMMENTS = YES;
				CLANG_WARN_EMPTY_BODY = YES;
				CLANG_WARN_ENUM_CONVERSION = YES;
				CLANG_WARN_INFINITE_RECURSION = YES;
				CLANG_WARN_INT_CONVERSION = YES;
				CLANG_WARN_NON_LITERAL_NULL_CONVERSION = YES;
				CLANG_WARN_OBJC_IMPLICIT_RETAIN_SELF = YES;
				CLANG_WARN_OBJC_LITERAL_CONVERSION = YES;
				CLANG_WARN_OBJC_ROOT_CLASS = YES_ERROR;
				CLANG_WARN_QUOTED_INCLUDE_IN_FRAMEWORK_HEADER = YES;
				CLANG_WARN_RANGE_LOOP_ANALYSIS = YES;
				CLANG_WARN_STRICT_PROTOTYPES = YES;
				CLANG_WARN_SUSPICIOUS_MOVE = YES;
				CLANG_WARN_UNGUARDED_AVAILABILITY = YES_AGGRESSIVE;
				CLANG_WARN_UNREACHABLE_CODE = YES;
				CLANG_WARN__DUPLICATE_METHOD_MATCH = YES;
				COPY_PHASE_STRIP = NO;
				DEBUG_INFORMATION_FORMAT = "dwarf-with-dsym";
				ENABLE_NS_ASSERTIONS = NO;
				ENABLE_STRICT_OBJC_MSGSEND = YES;
				GCC_C_LANGUAGE_STANDARD = gnu11;
				GCC_NO_COMMON_BLOCKS = YES;
				GCC_WARN_64_TO_32_BIT_CONVERSION = YES;
				GCC_WARN_ABOUT_RETURN_TYPE = YES_ERROR;
				GCC_WARN_UNDECLARED_SELECTOR = YES;
				GCC_WARN_UNINITIALIZED_AUTOS = YES_AGGRESSIVE;
				GCC_WARN_UNUSED_FUNCTION = YES;
				GCC_WARN_UNUSED_VARIABLE = YES;
				IPHONEOS_DEPLOYMENT_TARGET = 16.2;
				MTL_ENABLE_DEBUG_INFO = NO;
				MTL_FAST_MATH = YES;
				SDKROOT = iphoneos;
				SWIFT_COMPILATION_MODE = wholemodule;
				SWIFT_OPTIMIZATION_LEVEL = "-O";
				VALIDATE_PRODUCT = YES;
			};
			name = Release;
		};
		85541E8129BA1DEF006785EB /* Debug */ = {
			isa = XCBuildConfiguration;
			buildSettings = {
				ASSETCATALOG_COMPILER_APPICON_NAME = AppIcon;
				ASSETCATALOG_COMPILER_GLOBAL_ACCENT_COLOR_NAME = AccentColor;
				CODE_SIGN_STYLE = Automatic;
				CURRENT_PROJECT_VERSION = 1;
				DEVELOPMENT_ASSET_PATHS = "\"Zante/Preview Content\"";
				DEVELOPMENT_TEAM = G6TSQJ6DQ5;
				ENABLE_PREVIEWS = YES;
				GENERATE_INFOPLIST_FILE = YES;
				INFOPLIST_KEY_UIApplicationSceneManifest_Generation = YES;
				INFOPLIST_KEY_UIApplicationSupportsIndirectInputEvents = YES;
				INFOPLIST_KEY_UILaunchScreen_Generation = YES;
				INFOPLIST_KEY_UISupportedInterfaceOrientations_iPad = "UIInterfaceOrientationPortrait UIInterfaceOrientationPortraitUpsideDown UIInterfaceOrientationLandscapeLeft UIInterfaceOrientationLandscapeRight";
				INFOPLIST_KEY_UISupportedInterfaceOrientations_iPhone = "UIInterfaceOrientationPortrait UIInterfaceOrientationLandscapeLeft UIInterfaceOrientationLandscapeRight";
				LD_RUNPATH_SEARCH_PATHS = (
					"$(inherited)",
					"@executable_path/Frameworks",
				);
				MARKETING_VERSION = 1.0;
				PRODUCT_BUNDLE_IDENTIFIER = Ansh.Zante;
				PRODUCT_NAME = "$(TARGET_NAME)";
				SWIFT_EMIT_LOC_STRINGS = YES;
				SWIFT_VERSION = 5.0;
				TARGETED_DEVICE_FAMILY = "1,2";
			};
			name = Debug;
		};
		85541E8229BA1DEF006785EB /* Release */ = {
			isa = XCBuildConfiguration;
			buildSettings = {
				ASSETCATALOG_COMPILER_APPICON_NAME = AppIcon;
				ASSETCATALOG_COMPILER_GLOBAL_ACCENT_COLOR_NAME = AccentColor;
				CODE_SIGN_STYLE = Automatic;
				CURRENT_PROJECT_VERSION = 1;
				DEVELOPMENT_ASSET_PATHS = "\"Zante/Preview Content\"";
				DEVELOPMENT_TEAM = G6TSQJ6DQ5;
				ENABLE_PREVIEWS = YES;
				GENERATE_INFOPLIST_FILE = YES;
				INFOPLIST_KEY_UIApplicationSceneManifest_Generation = YES;
				INFOPLIST_KEY_UIApplicationSupportsIndirectInputEvents = YES;
				INFOPLIST_KEY_UILaunchScreen_Generation = YES;
				INFOPLIST_KEY_UISupportedInterfaceOrientations_iPad = "UIInterfaceOrientationPortrait UIInterfaceOrientationPortraitUpsideDown UIInterfaceOrientationLandscapeLeft UIInterfaceOrientationLandscapeRight";
				INFOPLIST_KEY_UISupportedInterfaceOrientations_iPhone = "UIInterfaceOrientationPortrait UIInterfaceOrientationLandscapeLeft UIInterfaceOrientationLandscapeRight";
				LD_RUNPATH_SEARCH_PATHS = (
					"$(inherited)",
					"@executable_path/Frameworks",
				);
				MARKETING_VERSION = 1.0;
				PRODUCT_BUNDLE_IDENTIFIER = Ansh.Zante;
				PRODUCT_NAME = "$(TARGET_NAME)";
				SWIFT_EMIT_LOC_STRINGS = YES;
				SWIFT_VERSION = 5.0;
				TARGETED_DEVICE_FAMILY = "1,2";
			};
			name = Release;
		};
		85541E8429BA1DEF006785EB /* Debug */ = {
			isa = XCBuildConfiguration;
			buildSettings = {
				ALWAYS_EMBED_SWIFT_STANDARD_LIBRARIES = YES;
				BUNDLE_LOADER = "$(TEST_HOST)";
				CODE_SIGN_STYLE = Automatic;
				CURRENT_PROJECT_VERSION = 1;
				DEVELOPMENT_TEAM = G6TSQJ6DQ5;
				GENERATE_INFOPLIST_FILE = YES;
				IPHONEOS_DEPLOYMENT_TARGET = 16.2;
				MARKETING_VERSION = 1.0;
				NEW_SETTING = "";
				PRODUCT_BUNDLE_IDENTIFIER = Ansh.ZanteTests;
				PRODUCT_NAME = "$(TARGET_NAME)";
				SWIFT_EMIT_LOC_STRINGS = NO;
				SWIFT_VERSION = 5.0;
				TARGETED_DEVICE_FAMILY = "1,2";
				TEST_HOST = "$(BUILT_PRODUCTS_DIR)/Zante.app/$(BUNDLE_EXECUTABLE_FOLDER_PATH)/Zante";
			};
			name = Debug;
		};
		85541E8529BA1DEF006785EB /* Release */ = {
			isa = XCBuildConfiguration;
			buildSettings = {
				ALWAYS_EMBED_SWIFT_STANDARD_LIBRARIES = YES;
				BUNDLE_LOADER = "$(TEST_HOST)";
				CODE_SIGN_STYLE = Automatic;
				CURRENT_PROJECT_VERSION = 1;
				DEVELOPMENT_TEAM = G6TSQJ6DQ5;
				GENERATE_INFOPLIST_FILE = YES;
				IPHONEOS_DEPLOYMENT_TARGET = 16.2;
				MARKETING_VERSION = 1.0;
				NEW_SETTING = "";
				PRODUCT_BUNDLE_IDENTIFIER = Ansh.ZanteTests;
				PRODUCT_NAME = "$(TARGET_NAME)";
				SWIFT_EMIT_LOC_STRINGS = NO;
				SWIFT_VERSION = 5.0;
				TARGETED_DEVICE_FAMILY = "1,2";
				TEST_HOST = "$(BUILT_PRODUCTS_DIR)/Zante.app/$(BUNDLE_EXECUTABLE_FOLDER_PATH)/Zante";
			};
			name = Release;
		};
		85541E8729BA1DEF006785EB /* Debug */ = {
			isa = XCBuildConfiguration;
			buildSettings = {
				ALWAYS_EMBED_SWIFT_STANDARD_LIBRARIES = YES;
				CODE_SIGN_STYLE = Automatic;
				CURRENT_PROJECT_VERSION = 1;
				DEVELOPMENT_TEAM = G6TSQJ6DQ5;
				GENERATE_INFOPLIST_FILE = YES;
				MARKETING_VERSION = 1.0;
				NEW_SETTING = "";
				PRODUCT_BUNDLE_IDENTIFIER = Ansh.ZanteUITests;
				PRODUCT_NAME = "$(TARGET_NAME)";
				SWIFT_EMIT_LOC_STRINGS = NO;
				SWIFT_VERSION = 5.0;
				TARGETED_DEVICE_FAMILY = "1,2";
				TEST_TARGET_NAME = Zante;
			};
			name = Debug;
		};
		85541E8829BA1DEF006785EB /* Release */ = {
			isa = XCBuildConfiguration;
			buildSettings = {
				ALWAYS_EMBED_SWIFT_STANDARD_LIBRARIES = YES;
				CODE_SIGN_STYLE = Automatic;
				CURRENT_PROJECT_VERSION = 1;
				DEVELOPMENT_TEAM = G6TSQJ6DQ5;
				GENERATE_INFOPLIST_FILE = YES;
				MARKETING_VERSION = 1.0;
				NEW_SETTING = "";
				PRODUCT_BUNDLE_IDENTIFIER = Ansh.ZanteUITests;
				PRODUCT_NAME = "$(TARGET_NAME)";
				SWIFT_EMIT_LOC_STRINGS = NO;
				SWIFT_VERSION = 5.0;
				TARGETED_DEVICE_FAMILY = "1,2";
				TEST_TARGET_NAME = Zante;
			};
			name = Release;
		};
/* End XCBuildConfiguration section */

/* Begin XCConfigurationList section */
		85541E5729BA1DEA006785EB /* Build configuration list for PBXProject "Zante" */ = {
			isa = XCConfigurationList;
			buildConfigurations = (
				85541E7E29BA1DEF006785EB /* Debug */,
				85541E7F29BA1DEF006785EB /* Release */,
			);
			defaultConfigurationIsVisible = 0;
			defaultConfigurationName = Release;
		};
		85541E8029BA1DEF006785EB /* Build configuration list for PBXNativeTarget "Zante" */ = {
			isa = XCConfigurationList;
			buildConfigurations = (
				85541E8129BA1DEF006785EB /* Debug */,
				85541E8229BA1DEF006785EB /* Release */,
			);
			defaultConfigurationIsVisible = 0;
			defaultConfigurationName = Release;
		};
		85541E8329BA1DEF006785EB /* Build configuration list for PBXNativeTarget "ZanteTests" */ = {
			isa = XCConfigurationList;
			buildConfigurations = (
				85541E8429BA1DEF006785EB /* Debug */,
				85541E8529BA1DEF006785EB /* Release */,
			);
			defaultConfigurationIsVisible = 0;
			defaultConfigurationName = Release;
		};
		85541E8629BA1DEF006785EB /* Build configuration list for PBXNativeTarget "ZanteUITests" */ = {
			isa = XCConfigurationList;
			buildConfigurations = (
				85541E8729BA1DEF006785EB /* Debug */,
				85541E8829BA1DEF006785EB /* Release */,
			);
			defaultConfigurationIsVisible = 0;
			defaultConfigurationName = Release;
		};
/* End XCConfigurationList section */

/* Begin XCRemoteSwiftPackageReference section */
		85361E4729F2F25200A209E7 /* XCRemoteSwiftPackageReference "firebase-ios-sdk" */ = {
			isa = XCRemoteSwiftPackageReference;
			repositoryURL = "https://github.com/firebase/firebase-ios-sdk.git";
			requirement = {
				kind = upToNextMajorVersion;
				minimumVersion = 9.0.0;
			};
		};
		85A9900D29CD077B00AD6E31 /* XCRemoteSwiftPackageReference "SDWebImageSwiftUI" */ = {
			isa = XCRemoteSwiftPackageReference;
			repositoryURL = "https://github.com/SDWebImage/SDWebImageSwiftUI.git";
			requirement = {
				kind = upToNextMajorVersion;
				minimumVersion = 2.0.0;
			};
		};
/* End XCRemoteSwiftPackageReference section */

/* Begin XCSwiftPackageProductDependency section */
		85361E4829F2F25200A209E7 /* FirebaseAnalytics */ = {
			isa = XCSwiftPackageProductDependency;
			package = 85361E4729F2F25200A209E7 /* XCRemoteSwiftPackageReference "firebase-ios-sdk" */;
			productName = FirebaseAnalytics;
		};
		85361E4A29F2F25200A209E7 /* FirebaseAnalyticsOnDeviceConversion */ = {
			isa = XCSwiftPackageProductDependency;
			package = 85361E4729F2F25200A209E7 /* XCRemoteSwiftPackageReference "firebase-ios-sdk" */;
			productName = FirebaseAnalyticsOnDeviceConversion;
		};
		85361E4C29F2F25200A209E7 /* FirebaseAnalyticsSwift */ = {
			isa = XCSwiftPackageProductDependency;
			package = 85361E4729F2F25200A209E7 /* XCRemoteSwiftPackageReference "firebase-ios-sdk" */;
			productName = FirebaseAnalyticsSwift;
		};
		85361E4E29F2F25200A209E7 /* FirebaseAnalyticsWithoutAdIdSupport */ = {
			isa = XCSwiftPackageProductDependency;
			package = 85361E4729F2F25200A209E7 /* XCRemoteSwiftPackageReference "firebase-ios-sdk" */;
			productName = FirebaseAnalyticsWithoutAdIdSupport;
		};
		85361E5029F2F25200A209E7 /* FirebaseAppCheck */ = {
			isa = XCSwiftPackageProductDependency;
			package = 85361E4729F2F25200A209E7 /* XCRemoteSwiftPackageReference "firebase-ios-sdk" */;
			productName = FirebaseAppCheck;
		};
		85361E5229F2F25200A209E7 /* FirebaseAppDistribution-Beta */ = {
			isa = XCSwiftPackageProductDependency;
			package = 85361E4729F2F25200A209E7 /* XCRemoteSwiftPackageReference "firebase-ios-sdk" */;
			productName = "FirebaseAppDistribution-Beta";
		};
		85361E5429F2F25200A209E7 /* FirebaseAuth */ = {
			isa = XCSwiftPackageProductDependency;
			package = 85361E4729F2F25200A209E7 /* XCRemoteSwiftPackageReference "firebase-ios-sdk" */;
			productName = FirebaseAuth;
		};
		85361E5629F2F25200A209E7 /* FirebaseAuthCombine-Community */ = {
			isa = XCSwiftPackageProductDependency;
			package = 85361E4729F2F25200A209E7 /* XCRemoteSwiftPackageReference "firebase-ios-sdk" */;
			productName = "FirebaseAuthCombine-Community";
		};
		85361E5829F2F25200A209E7 /* FirebaseCrashlytics */ = {
			isa = XCSwiftPackageProductDependency;
			package = 85361E4729F2F25200A209E7 /* XCRemoteSwiftPackageReference "firebase-ios-sdk" */;
			productName = FirebaseCrashlytics;
		};
		85361E5A29F2F25200A209E7 /* FirebaseDatabase */ = {
			isa = XCSwiftPackageProductDependency;
			package = 85361E4729F2F25200A209E7 /* XCRemoteSwiftPackageReference "firebase-ios-sdk" */;
			productName = FirebaseDatabase;
		};
		85361E5C29F2F25200A209E7 /* FirebaseDatabaseSwift */ = {
			isa = XCSwiftPackageProductDependency;
			package = 85361E4729F2F25200A209E7 /* XCRemoteSwiftPackageReference "firebase-ios-sdk" */;
			productName = FirebaseDatabaseSwift;
		};
		85361E5E29F2F25200A209E7 /* FirebaseFirestore */ = {
			isa = XCSwiftPackageProductDependency;
			package = 85361E4729F2F25200A209E7 /* XCRemoteSwiftPackageReference "firebase-ios-sdk" */;
			productName = FirebaseFirestore;
		};
		85361E6029F2F25200A209E7 /* FirebaseFirestoreCombine-Community */ = {
			isa = XCSwiftPackageProductDependency;
			package = 85361E4729F2F25200A209E7 /* XCRemoteSwiftPackageReference "firebase-ios-sdk" */;
			productName = "FirebaseFirestoreCombine-Community";
		};
		85361E6229F2F25200A209E7 /* FirebaseFirestoreSwift */ = {
			isa = XCSwiftPackageProductDependency;
			package = 85361E4729F2F25200A209E7 /* XCRemoteSwiftPackageReference "firebase-ios-sdk" */;
			productName = FirebaseFirestoreSwift;
		};
		85361E6429F2F25200A209E7 /* FirebaseFunctions */ = {
			isa = XCSwiftPackageProductDependency;
			package = 85361E4729F2F25200A209E7 /* XCRemoteSwiftPackageReference "firebase-ios-sdk" */;
			productName = FirebaseFunctions;
		};
		85361E6629F2F25200A209E7 /* FirebaseFunctionsCombine-Community */ = {
			isa = XCSwiftPackageProductDependency;
			package = 85361E4729F2F25200A209E7 /* XCRemoteSwiftPackageReference "firebase-ios-sdk" */;
			productName = "FirebaseFunctionsCombine-Community";
		};
		85361E6829F2F25200A209E7 /* FirebaseInAppMessaging-Beta */ = {
			isa = XCSwiftPackageProductDependency;
			package = 85361E4729F2F25200A209E7 /* XCRemoteSwiftPackageReference "firebase-ios-sdk" */;
			productName = "FirebaseInAppMessaging-Beta";
		};
		85361E6A29F2F25200A209E7 /* FirebaseInAppMessagingSwift-Beta */ = {
			isa = XCSwiftPackageProductDependency;
			package = 85361E4729F2F25200A209E7 /* XCRemoteSwiftPackageReference "firebase-ios-sdk" */;
			productName = "FirebaseInAppMessagingSwift-Beta";
		};
		85361E6C29F2F25200A209E7 /* FirebaseInstallations */ = {
			isa = XCSwiftPackageProductDependency;
			package = 85361E4729F2F25200A209E7 /* XCRemoteSwiftPackageReference "firebase-ios-sdk" */;
			productName = FirebaseInstallations;
		};
		85361E6E29F2F25200A209E7 /* FirebaseMLModelDownloader */ = {
			isa = XCSwiftPackageProductDependency;
			package = 85361E4729F2F25200A209E7 /* XCRemoteSwiftPackageReference "firebase-ios-sdk" */;
			productName = FirebaseMLModelDownloader;
		};
		85361E7029F2F25200A209E7 /* FirebaseMessaging */ = {
			isa = XCSwiftPackageProductDependency;
			package = 85361E4729F2F25200A209E7 /* XCRemoteSwiftPackageReference "firebase-ios-sdk" */;
			productName = FirebaseMessaging;
		};
		85361E7229F2F25200A209E7 /* FirebasePerformance */ = {
			isa = XCSwiftPackageProductDependency;
			package = 85361E4729F2F25200A209E7 /* XCRemoteSwiftPackageReference "firebase-ios-sdk" */;
			productName = FirebasePerformance;
		};
		85361E7429F2F25200A209E7 /* FirebaseRemoteConfig */ = {
			isa = XCSwiftPackageProductDependency;
			package = 85361E4729F2F25200A209E7 /* XCRemoteSwiftPackageReference "firebase-ios-sdk" */;
			productName = FirebaseRemoteConfig;
		};
		85361E7629F2F25200A209E7 /* FirebaseRemoteConfigSwift */ = {
			isa = XCSwiftPackageProductDependency;
			package = 85361E4729F2F25200A209E7 /* XCRemoteSwiftPackageReference "firebase-ios-sdk" */;
			productName = FirebaseRemoteConfigSwift;
		};
		85361E7829F2F25200A209E7 /* FirebaseStorage */ = {
			isa = XCSwiftPackageProductDependency;
			package = 85361E4729F2F25200A209E7 /* XCRemoteSwiftPackageReference "firebase-ios-sdk" */;
			productName = FirebaseStorage;
		};
		85361E7A29F2F25200A209E7 /* FirebaseStorageCombine-Community */ = {
			isa = XCSwiftPackageProductDependency;
			package = 85361E4729F2F25200A209E7 /* XCRemoteSwiftPackageReference "firebase-ios-sdk" */;
			productName = "FirebaseStorageCombine-Community";
		};
		85A9900E29CD077B00AD6E31 /* SDWebImageSwiftUI */ = {
			isa = XCSwiftPackageProductDependency;
			package = 85A9900D29CD077B00AD6E31 /* XCRemoteSwiftPackageReference "SDWebImageSwiftUI" */;
			productName = SDWebImageSwiftUI;
		};
/* End XCSwiftPackageProductDependency section */
	};
	rootObject = 85541E5429BA1DEA006785EB /* Project object */;
}
